// !$*UTF8*$!
{
	archiveVersion = 1;
	classes = {
	};
	objectVersion = 77;
	objects = {

/* Begin PBXBuildFile section */
		398C02822CF209E0006FDC6A /* Alamofire in Frameworks */ = {isa = PBXBuildFile; productRef = 398C02812CF209E0006FDC6A /* Alamofire */; };
/* End PBXBuildFile section */

/* Begin PBXContainerItemProxy section */
		395C23542CDFC46800A70D1F /* PBXContainerItemProxy */ = {
			isa = PBXContainerItemProxy;
			containerPortal = 395C233B2CDFC46600A70D1F /* Project object */;
			proxyType = 1;
			remoteGlobalIDString = 395C23422CDFC46700A70D1F;
			remoteInfo = DM126SecondApp;
		};
		395C235E2CDFC46800A70D1F /* PBXContainerItemProxy */ = {
			isa = PBXContainerItemProxy;
			containerPortal = 395C233B2CDFC46600A70D1F /* Project object */;
			proxyType = 1;
			remoteGlobalIDString = 395C23422CDFC46700A70D1F;
			remoteInfo = DM126SecondApp;
		};
/* End PBXContainerItemProxy section */

/* Begin PBXFileReference section */
		395C23432CDFC46700A70D1F /* DM126SecondApp.app */ = {isa = PBXFileReference; explicitFileType = wrapper.application; includeInIndex = 0; path = DM126SecondApp.app; sourceTree = BUILT_PRODUCTS_DIR; };
		395C23532CDFC46800A70D1F /* DM126SecondAppTests.xctest */ = {isa = PBXFileReference; explicitFileType = wrapper.cfbundle; includeInIndex = 0; path = DM126SecondAppTests.xctest; sourceTree = BUILT_PRODUCTS_DIR; };
		395C235D2CDFC46800A70D1F /* DM126SecondAppUITests.xctest */ = {isa = PBXFileReference; explicitFileType = wrapper.cfbundle; includeInIndex = 0; path = DM126SecondAppUITests.xctest; sourceTree = BUILT_PRODUCTS_DIR; };
/* End PBXFileReference section */

/* Begin PBXFileSystemSynchronizedRootGroup section */
		395C23452CDFC46700A70D1F /* DM126SecondApp */ = {
			isa = PBXFileSystemSynchronizedRootGroup;
			path = DM126SecondApp;
			sourceTree = "<group>";
		};
		395C23562CDFC46800A70D1F /* DM126SecondAppTests */ = {
			isa = PBXFileSystemSynchronizedRootGroup;
			path = DM126SecondAppTests;
			sourceTree = "<group>";
		};
		395C23602CDFC46800A70D1F /* DM126SecondAppUITests */ = {
			isa = PBXFileSystemSynchronizedRootGroup;
			path = DM126SecondAppUITests;
			sourceTree = "<group>";
		};
/* End PBXFileSystemSynchronizedRootGroup section */

/* Begin PBXFrameworksBuildPhase section */
		395C23402CDFC46700A70D1F /* Frameworks */ = {
			isa = PBXFrameworksBuildPhase;
			buildActionMask = 2147483647;
			files = (
				398C02822CF209E0006FDC6A /* Alamofire in Frameworks */,
			);
			runOnlyForDeploymentPostprocessing = 0;
		};
		395C23502CDFC46800A70D1F /* Frameworks */ = {
			isa = PBXFrameworksBuildPhase;
			buildActionMask = 2147483647;
			files = (
			);
			runOnlyForDeploymentPostprocessing = 0;
		};
		395C235A2CDFC46800A70D1F /* Frameworks */ = {
			isa = PBXFrameworksBuildPhase;
			buildActionMask = 2147483647;
			files = (
			);
			runOnlyForDeploymentPostprocessing = 0;
		};
/* End PBXFrameworksBuildPhase section */

/* Begin PBXGroup section */
		395C233A2CDFC46600A70D1F = {
			isa = PBXGroup;
			children = (
				395C23452CDFC46700A70D1F /* DM126SecondApp */,
				395C23562CDFC46800A70D1F /* DM126SecondAppTests */,
				395C23602CDFC46800A70D1F /* DM126SecondAppUITests */,
				395C23442CDFC46700A70D1F /* Products */,
			);
			sourceTree = "<group>";
		};
		395C23442CDFC46700A70D1F /* Products */ = {
			isa = PBXGroup;
			children = (
				395C23432CDFC46700A70D1F /* DM126SecondApp.app */,
				395C23532CDFC46800A70D1F /* DM126SecondAppTests.xctest */,
				395C235D2CDFC46800A70D1F /* DM126SecondAppUITests.xctest */,
			);
			name = Products;
			sourceTree = "<group>";
		};
/* End PBXGroup section */

/* Begin PBXNativeTarget section */
		395C23422CDFC46700A70D1F /* DM126SecondApp */ = {
			isa = PBXNativeTarget;
			buildConfigurationList = 395C23672CDFC46800A70D1F /* Build configuration list for PBXNativeTarget "DM126SecondApp" */;
			buildPhases = (
				395C233F2CDFC46700A70D1F /* Sources */,
				395C23402CDFC46700A70D1F /* Frameworks */,
				395C23412CDFC46700A70D1F /* Resources */,
			);
			buildRules = (
			);
			dependencies = (
			);
			fileSystemSynchronizedGroups = (
				395C23452CDFC46700A70D1F /* DM126SecondApp */,
			);
			name = DM126SecondApp;
			packageProductDependencies = (
				398C02812CF209E0006FDC6A /* Alamofire */,
			);
			productName = DM126SecondApp;
			productReference = 395C23432CDFC46700A70D1F /* DM126SecondApp.app */;
			productType = "com.apple.product-type.application";
		};
		395C23522CDFC46800A70D1F /* DM126SecondAppTests */ = {
			isa = PBXNativeTarget;
			buildConfigurationList = 395C236A2CDFC46800A70D1F /* Build configuration list for PBXNativeTarget "DM126SecondAppTests" */;
			buildPhases = (
				395C234F2CDFC46800A70D1F /* Sources */,
				395C23502CDFC46800A70D1F /* Frameworks */,
				395C23512CDFC46800A70D1F /* Resources */,
			);
			buildRules = (
			);
			dependencies = (
				395C23552CDFC46800A70D1F /* PBXTargetDependency */,
			);
			fileSystemSynchronizedGroups = (
				395C23562CDFC46800A70D1F /* DM126SecondAppTests */,
			);
			name = DM126SecondAppTests;
			packageProductDependencies = (
			);
			productName = DM126SecondAppTests;
			productReference = 395C23532CDFC46800A70D1F /* DM126SecondAppTests.xctest */;
			productType = "com.apple.product-type.bundle.unit-test";
		};
		395C235C2CDFC46800A70D1F /* DM126SecondAppUITests */ = {
			isa = PBXNativeTarget;
			buildConfigurationList = 395C236D2CDFC46800A70D1F /* Build configuration list for PBXNativeTarget "DM126SecondAppUITests" */;
			buildPhases = (
				395C23592CDFC46800A70D1F /* Sources */,
				395C235A2CDFC46800A70D1F /* Frameworks */,
				395C235B2CDFC46800A70D1F /* Resources */,
			);
			buildRules = (
			);
			dependencies = (
				395C235F2CDFC46800A70D1F /* PBXTargetDependency */,
			);
			fileSystemSynchronizedGroups = (
				395C23602CDFC46800A70D1F /* DM126SecondAppUITests */,
			);
			name = DM126SecondAppUITests;
			packageProductDependencies = (
			);
			productName = DM126SecondAppUITests;
			productReference = 395C235D2CDFC46800A70D1F /* DM126SecondAppUITests.xctest */;
			productType = "com.apple.product-type.bundle.ui-testing";
		};
/* End PBXNativeTarget section */

/* Begin PBXProject section */
		395C233B2CDFC46600A70D1F /* Project object */ = {
			isa = PBXProject;
			attributes = {
				BuildIndependentTargetsInParallel = 1;
				LastSwiftUpdateCheck = 1610;
				LastUpgradeCheck = 1610;
				TargetAttributes = {
					395C23422CDFC46700A70D1F = {
						CreatedOnToolsVersion = 16.1;
					};
					395C23522CDFC46800A70D1F = {
						CreatedOnToolsVersion = 16.1;
						TestTargetID = 395C23422CDFC46700A70D1F;
					};
					395C235C2CDFC46800A70D1F = {
						CreatedOnToolsVersion = 16.1;
						TestTargetID = 395C23422CDFC46700A70D1F;
					};
				};
			};
			buildConfigurationList = 395C233E2CDFC46600A70D1F /* Build configuration list for PBXProject "DM126SecondApp" */;
			developmentRegion = en;
			hasScannedForEncodings = 0;
			knownRegions = (
				en,
				Base,
			);
			mainGroup = 395C233A2CDFC46600A70D1F;
			minimizedProjectReferenceProxies = 1;
			packageReferences = (
				398C02802CF209E0006FDC6A /* XCRemoteSwiftPackageReference "Alamofire" */,
			);
			preferredProjectObjectVersion = 77;
			productRefGroup = 395C23442CDFC46700A70D1F /* Products */;
			projectDirPath = "";
			projectRoot = "";
			targets = (
				395C23422CDFC46700A70D1F /* DM126SecondApp */,
				395C23522CDFC46800A70D1F /* DM126SecondAppTests */,
				395C235C2CDFC46800A70D1F /* DM126SecondAppUITests */,
			);
		};
/* End PBXProject section */

/* Begin PBXResourcesBuildPhase section */
		395C23412CDFC46700A70D1F /* Resources */ = {
			isa = PBXResourcesBuildPhase;
			buildActionMask = 2147483647;
			files = (
			);
			runOnlyForDeploymentPostprocessing = 0;
		};
		395C23512CDFC46800A70D1F /* Resources */ = {
			isa = PBXResourcesBuildPhase;
			buildActionMask = 2147483647;
			files = (
			);
			runOnlyForDeploymentPostprocessing = 0;
		};
		395C235B2CDFC46800A70D1F /* Resources */ = {
			isa = PBXResourcesBuildPhase;
			buildActionMask = 2147483647;
			files = (
			);
			runOnlyForDeploymentPostprocessing = 0;
		};
/* End PBXResourcesBuildPhase section */

/* Begin PBXSourcesBuildPhase section */
		395C233F2CDFC46700A70D1F /* Sources */ = {
			isa = PBXSourcesBuildPhase;
			buildActionMask = 2147483647;
			files = (
			);
			runOnlyForDeploymentPostprocessing = 0;
		};
		395C234F2CDFC46800A70D1F /* Sources */ = {
			isa = PBXSourcesBuildPhase;
			buildActionMask = 2147483647;
			files = (
			);
			runOnlyForDeploymentPostprocessing = 0;
		};
		395C23592CDFC46800A70D1F /* Sources */ = {
			isa = PBXSourcesBuildPhase;
			buildActionMask = 2147483647;
			files = (
			);
			runOnlyForDeploymentPostprocessing = 0;
		};
/* End PBXSourcesBuildPhase section */

/* Begin PBXTargetDependency section */
		395C23552CDFC46800A70D1F /* PBXTargetDependency */ = {
			isa = PBXTargetDependency;
			target = 395C23422CDFC46700A70D1F /* DM126SecondApp */;
			targetProxy = 395C23542CDFC46800A70D1F /* PBXContainerItemProxy */;
		};
		395C235F2CDFC46800A70D1F /* PBXTargetDependency */ = {
			isa = PBXTargetDependency;
			target = 395C23422CDFC46700A70D1F /* DM126SecondApp */;
			targetProxy = 395C235E2CDFC46800A70D1F /* PBXContainerItemProxy */;
		};
/* End PBXTargetDependency section */

/* Begin XCBuildConfiguration section */
		395C23652CDFC46800A70D1F /* Debug */ = {
			isa = XCBuildConfiguration;
			buildSettings = {
				ALWAYS_SEARCH_USER_PATHS = NO;
				ASSETCATALOG_COMPILER_GENERATE_SWIFT_ASSET_SYMBOL_EXTENSIONS = YES;
				CLANG_ANALYZER_NONNULL = YES;
				CLANG_ANALYZER_NUMBER_OBJECT_CONVERSION = YES_AGGRESSIVE;
				CLANG_CXX_LANGUAGE_STANDARD = "gnu++20";
				CLANG_ENABLE_MODULES = YES;
				CLANG_ENABLE_OBJC_ARC = YES;
				CLANG_ENABLE_OBJC_WEAK = YES;
				CLANG_WARN_BLOCK_CAPTURE_AUTORELEASING = YES;
				CLANG_WARN_BOOL_CONVERSION = YES;
				CLANG_WARN_COMMA = YES;
				CLANG_WARN_CONSTANT_CONVERSION = YES;
				CLANG_WARN_DEPRECATED_OBJC_IMPLEMENTATIONS = YES;
				CLANG_WARN_DIRECT_OBJC_ISA_USAGE = YES_ERROR;
				CLANG_WARN_DOCUMENTATION_COMMENTS = YES;
				CLANG_WARN_EMPTY_BODY = YES;
				CLANG_WARN_ENUM_CONVERSION = YES;
				CLANG_WARN_INFINITE_RECURSION = YES;
				CLANG_WARN_INT_CONVERSION = YES;
				CLANG_WARN_NON_LITERAL_NULL_CONVERSION = YES;
				CLANG_WARN_OBJC_IMPLICIT_RETAIN_SELF = YES;
				CLANG_WARN_OBJC_LITERAL_CONVERSION = YES;
				CLANG_WARN_OBJC_ROOT_CLASS = YES_ERROR;
				CLANG_WARN_QUOTED_INCLUDE_IN_FRAMEWORK_HEADER = YES;
				CLANG_WARN_RANGE_LOOP_ANALYSIS = YES;
				CLANG_WARN_STRICT_PROTOTYPES = YES;
				CLANG_WARN_SUSPICIOUS_MOVE = YES;
				CLANG_WARN_UNGUARDED_AVAILABILITY = YES_AGGRESSIVE;
				CLANG_WARN_UNREACHABLE_CODE = YES;
				CLANG_WARN__DUPLICATE_METHOD_MATCH = YES;
				COPY_PHASE_STRIP = NO;
				DEBUG_INFORMATION_FORMAT = dwarf;
				ENABLE_STRICT_OBJC_MSGSEND = YES;
				ENABLE_TESTABILITY = YES;
				ENABLE_USER_SCRIPT_SANDBOXING = YES;
				GCC_C_LANGUAGE_STANDARD = gnu17;
				GCC_DYNAMIC_NO_PIC = NO;
				GCC_NO_COMMON_BLOCKS = YES;
				GCC_OPTIMIZATION_LEVEL = 0;
				GCC_PREPROCESSOR_DEFINITIONS = (
					"DEBUG=1",
					"$(inherited)",
				);
				GCC_WARN_64_TO_32_BIT_CONVERSION = YES;
				GCC_WARN_ABOUT_RETURN_TYPE = YES_ERROR;
				GCC_WARN_UNDECLARED_SELECTOR = YES;
				GCC_WARN_UNINITIALIZED_AUTOS = YES_AGGRESSIVE;
				GCC_WARN_UNUSED_FUNCTION = YES;
				GCC_WARN_UNUSED_VARIABLE = YES;
				IPHONEOS_DEPLOYMENT_TARGET = 18.1;
				LOCALIZATION_PREFERS_STRING_CATALOGS = YES;
				MTL_ENABLE_DEBUG_INFO = INCLUDE_SOURCE;
				MTL_FAST_MATH = YES;
				ONLY_ACTIVE_ARCH = YES;
				SDKROOT = iphoneos;
				SWIFT_ACTIVE_COMPILATION_CONDITIONS = "DEBUG $(inherited)";
				SWIFT_OPTIMIZATION_LEVEL = "-Onone";
			};
			name = Debug;
		};
		395C23662CDFC46800A70D1F /* Release */ = {
			isa = XCBuildConfiguration;
			buildSettings = {
				ALWAYS_SEARCH_USER_PATHS = NO;
				ASSETCATALOG_COMPILER_GENERATE_SWIFT_ASSET_SYMBOL_EXTENSIONS = YES;
				CLANG_ANALYZER_NONNULL = YES;
				CLANG_ANALYZER_NUMBER_OBJECT_CONVERSION = YES_AGGRESSIVE;
				CLANG_CXX_LANGUAGE_STANDARD = "gnu++20";
				CLANG_ENABLE_MODULES = YES;
				CLANG_ENABLE_OBJC_ARC = YES;
				CLANG_ENABLE_OBJC_WEAK = YES;
				CLANG_WARN_BLOCK_CAPTURE_AUTORELEASING = YES;
				CLANG_WARN_BOOL_CONVERSION = YES;
				CLANG_WARN_COMMA = YES;
				CLANG_WARN_CONSTANT_CONVERSION = YES;
				CLANG_WARN_DEPRECATED_OBJC_IMPLEMENTATIONS = YES;
				CLANG_WARN_DIRECT_OBJC_ISA_USAGE = YES_ERROR;
				CLANG_WARN_DOCUMENTATION_COMMENTS = YES;
				CLANG_WARN_EMPTY_BODY = YES;
				CLANG_WARN_ENUM_CONVERSION = YES;
				CLANG_WARN_INFINITE_RECURSION = YES;
				CLANG_WARN_INT_CONVERSION = YES;
				CLANG_WARN_NON_LITERAL_NULL_CONVERSION = YES;
				CLANG_WARN_OBJC_IMPLICIT_RETAIN_SELF = YES;
				CLANG_WARN_OBJC_LITERAL_CONVERSION = YES;
				CLANG_WARN_OBJC_ROOT_CLASS = YES_ERROR;
				CLANG_WARN_QUOTED_INCLUDE_IN_FRAMEWORK_HEADER = YES;
				CLANG_WARN_RANGE_LOOP_ANALYSIS = YES;
				CLANG_WARN_STRICT_PROTOTYPES = YES;
				CLANG_WARN_SUSPICIOUS_MOVE = YES;
				CLANG_WARN_UNGUARDED_AVAILABILITY = YES_AGGRESSIVE;
				CLANG_WARN_UNREACHABLE_CODE = YES;
				CLANG_WARN__DUPLICATE_METHOD_MATCH = YES;
				COPY_PHASE_STRIP = NO;
				DEBUG_INFORMATION_FORMAT = "dwarf-with-dsym";
				ENABLE_NS_ASSERTIONS = NO;
				ENABLE_STRICT_OBJC_MSGSEND = YES;
				ENABLE_USER_SCRIPT_SANDBOXING = YES;
				GCC_C_LANGUAGE_STANDARD = gnu17;
				GCC_NO_COMMON_BLOCKS = YES;
				GCC_WARN_64_TO_32_BIT_CONVERSION = YES;
				GCC_WARN_ABOUT_RETURN_TYPE = YES_ERROR;
				GCC_WARN_UNDECLARED_SELECTOR = YES;
				GCC_WARN_UNINITIALIZED_AUTOS = YES_AGGRESSIVE;
				GCC_WARN_UNUSED_FUNCTION = YES;
				GCC_WARN_UNUSED_VARIABLE = YES;
				IPHONEOS_DEPLOYMENT_TARGET = 18.1;
				LOCALIZATION_PREFERS_STRING_CATALOGS = YES;
				MTL_ENABLE_DEBUG_INFO = NO;
				MTL_FAST_MATH = YES;
				SDKROOT = iphoneos;
				SWIFT_COMPILATION_MODE = wholemodule;
				VALIDATE_PRODUCT = YES;
			};
			name = Release;
		};
		395C23682CDFC46800A70D1F /* Debug */ = {
			isa = XCBuildConfiguration;
			buildSettings = {
				ASSETCATALOG_COMPILER_APPICON_NAME = AppIcon;
				ASSETCATALOG_COMPILER_GLOBAL_ACCENT_COLOR_NAME = AccentColor;
				CODE_SIGN_STYLE = Automatic;
				CURRENT_PROJECT_VERSION = 1;
				DEVELOPMENT_ASSET_PATHS = "\"DM126SecondApp/Preview Content\"";
				ENABLE_PREVIEWS = YES;
				GENERATE_INFOPLIST_FILE = YES;
				INFOPLIST_KEY_UIApplicationSceneManifest_Generation = YES;
				INFOPLIST_KEY_UIApplicationSupportsIndirectInputEvents = YES;
				INFOPLIST_KEY_UILaunchScreen_Generation = YES;
				INFOPLIST_KEY_UISupportedInterfaceOrientations_iPad = "UIInterfaceOrientationPortrait UIInterfaceOrientationPortraitUpsideDown UIInterfaceOrientationLandscapeLeft UIInterfaceOrientationLandscapeRight";
				INFOPLIST_KEY_UISupportedInterfaceOrientations_iPhone = "UIInterfaceOrientationPortrait UIInterfaceOrientationLandscapeLeft UIInterfaceOrientationLandscapeRight";
				LD_RUNPATH_SEARCH_PATHS = (
					"$(inherited)",
					"@executable_path/Frameworks",
				);
				MARKETING_VERSION = 1.0;
				PRODUCT_BUNDLE_IDENTIFIER = AnaJulia.DM126SecondApp;
				PRODUCT_NAME = "$(TARGET_NAME)";
				SWIFT_EMIT_LOC_STRINGS = YES;
				SWIFT_VERSION = 5.0;
				TARGETED_DEVICE_FAMILY = "1,2";
			};
			name = Debug;
		};
		395C23692CDFC46800A70D1F /* Release */ = {
			isa = XCBuildConfiguration;
			buildSettings = {
				ASSETCATALOG_COMPILER_APPICON_NAME = AppIcon;
				ASSETCATALOG_COMPILER_GLOBAL_ACCENT_COLOR_NAME = AccentColor;
				CODE_SIGN_STYLE = Automatic;
				CURRENT_PROJECT_VERSION = 1;
				DEVELOPMENT_ASSET_PATHS = "\"DM126SecondApp/Preview Content\"";
				ENABLE_PREVIEWS = YES;
				GENERATE_INFOPLIST_FILE = YES;
				INFOPLIST_KEY_UIApplicationSceneManifest_Generation = YES;
				INFOPLIST_KEY_UIApplicationSupportsIndirectInputEvents = YES;
				INFOPLIST_KEY_UILaunchScreen_Generation = YES;
				INFOPLIST_KEY_UISupportedInterfaceOrientations_iPad = "UIInterfaceOrientationPortrait UIInterfaceOrientationPortraitUpsideDown UIInterfaceOrientationLandscapeLeft UIInterfaceOrientationLandscapeRight";
				INFOPLIST_KEY_UISupportedInterfaceOrientations_iPhone = "UIInterfaceOrientationPortrait UIInterfaceOrientationLandscapeLeft UIInterfaceOrientationLandscapeRight";
				LD_RUNPATH_SEARCH_PATHS = (
					"$(inherited)",
					"@executable_path/Frameworks",
				);
				MARKETING_VERSION = 1.0;
				PRODUCT_BUNDLE_IDENTIFIER = AnaJulia.DM126SecondApp;
				PRODUCT_NAME = "$(TARGET_NAME)";
				SWIFT_EMIT_LOC_STRINGS = YES;
				SWIFT_VERSION = 5.0;
				TARGETED_DEVICE_FAMILY = "1,2";
			};
			name = Release;
		};
		395C236B2CDFC46800A70D1F /* Debug */ = {
			isa = XCBuildConfiguration;
			buildSettings = {
				BUNDLE_LOADER = "$(TEST_HOST)";
				CODE_SIGN_STYLE = Automatic;
				CURRENT_PROJECT_VERSION = 1;
				GENERATE_INFOPLIST_FILE = YES;
				IPHONEOS_DEPLOYMENT_TARGET = 18.1;
				MARKETING_VERSION = 1.0;
				PRODUCT_BUNDLE_IDENTIFIER = AnaJulia.DM126SecondAppTests;
				PRODUCT_NAME = "$(TARGET_NAME)";
				SWIFT_EMIT_LOC_STRINGS = NO;
				SWIFT_VERSION = 5.0;
				TARGETED_DEVICE_FAMILY = "1,2";
				TEST_HOST = "$(BUILT_PRODUCTS_DIR)/DM126SecondApp.app/$(BUNDLE_EXECUTABLE_FOLDER_PATH)/DM126SecondApp";
			};
			name = Debug;
		};
		395C236C2CDFC46800A70D1F /* Release */ = {
			isa = XCBuildConfiguration;
			buildSettings = {
				BUNDLE_LOADER = "$(TEST_HOST)";
				CODE_SIGN_STYLE = Automatic;
				CURRENT_PROJECT_VERSION = 1;
				GENERATE_INFOPLIST_FILE = YES;
				IPHONEOS_DEPLOYMENT_TARGET = 18.1;
				MARKETING_VERSION = 1.0;
				PRODUCT_BUNDLE_IDENTIFIER = AnaJulia.DM126SecondAppTests;
				PRODUCT_NAME = "$(TARGET_NAME)";
				SWIFT_EMIT_LOC_STRINGS = NO;
				SWIFT_VERSION = 5.0;
				TARGETED_DEVICE_FAMILY = "1,2";
				TEST_HOST = "$(BUILT_PRODUCTS_DIR)/DM126SecondApp.app/$(BUNDLE_EXECUTABLE_FOLDER_PATH)/DM126SecondApp";
			};
			name = Release;
		};
		395C236E2CDFC46800A70D1F /* Debug */ = {
			isa = XCBuildConfiguration;
			buildSettings = {
				CODE_SIGN_STYLE = Automatic;
				CURRENT_PROJECT_VERSION = 1;
				GENERATE_INFOPLIST_FILE = YES;
				MARKETING_VERSION = 1.0;
				PRODUCT_BUNDLE_IDENTIFIER = AnaJulia.DM126SecondAppUITests;
				PRODUCT_NAME = "$(TARGET_NAME)";
				SWIFT_EMIT_LOC_STRINGS = NO;
				SWIFT_VERSION = 5.0;
				TARGETED_DEVICE_FAMILY = "1,2";
				TEST_TARGET_NAME = DM126SecondApp;
			};
			name = Debug;
		};
		395C236F2CDFC46800A70D1F /* Release */ = {
			isa = XCBuildConfiguration;
			buildSettings = {
				CODE_SIGN_STYLE = Automatic;
				CURRENT_PROJECT_VERSION = 1;
				GENERATE_INFOPLIST_FILE = YES;
				MARKETING_VERSION = 1.0;
				PRODUCT_BUNDLE_IDENTIFIER = AnaJulia.DM126SecondAppUITests;
				PRODUCT_NAME = "$(TARGET_NAME)";
				SWIFT_EMIT_LOC_STRINGS = NO;
				SWIFT_VERSION = 5.0;
				TARGETED_DEVICE_FAMILY = "1,2";
				TEST_TARGET_NAME = DM126SecondApp;
			};
			name = Release;
		};
/* End XCBuildConfiguration section */

/* Begin XCConfigurationList section */
		395C233E2CDFC46600A70D1F /* Build configuration list for PBXProject "DM126SecondApp" */ = {
			isa = XCConfigurationList;
			buildConfigurations = (
				395C23652CDFC46800A70D1F /* Debug */,
				395C23662CDFC46800A70D1F /* Release */,
			);
			defaultConfigurationIsVisible = 0;
			defaultConfigurationName = Release;
		};
		395C23672CDFC46800A70D1F /* Build configuration list for PBXNativeTarget "DM126SecondApp" */ = {
			isa = XCConfigurationList;
			buildConfigurations = (
				395C23682CDFC46800A70D1F /* Debug */,
				395C23692CDFC46800A70D1F /* Release */,
			);
			defaultConfigurationIsVisible = 0;
			defaultConfigurationName = Release;
		};
		395C236A2CDFC46800A70D1F /* Build configuration list for PBXNativeTarget "DM126SecondAppTests" */ = {
			isa = XCConfigurationList;
			buildConfigurations = (
				395C236B2CDFC46800A70D1F /* Debug */,
				395C236C2CDFC46800A70D1F /* Release */,
			);
			defaultConfigurationIsVisible = 0;
			defaultConfigurationName = Release;
		};
		395C236D2CDFC46800A70D1F /* Build configuration list for PBXNativeTarget "DM126SecondAppUITests" */ = {
			isa = XCConfigurationList;
			buildConfigurations = (
				395C236E2CDFC46800A70D1F /* Debug */,
				395C236F2CDFC46800A70D1F /* Release */,
			);
			defaultConfigurationIsVisible = 0;
			defaultConfigurationName = Release;
		};
/* End XCConfigurationList section */

/* Begin XCRemoteSwiftPackageReference section */
		398C02802CF209E0006FDC6A /* XCRemoteSwiftPackageReference "Alamofire" */ = {
			isa = XCRemoteSwiftPackageReference;
			repositoryURL = "https://github.com/Alamofire/Alamofire";
			requirement = {
				kind = upToNextMajorVersion;
				minimumVersion = 5.10.1;
			};
		};
/* End XCRemoteSwiftPackageReference section */

/* Begin XCSwiftPackageProductDependency section */
		398C02812CF209E0006FDC6A /* Alamofire */ = {
			isa = XCSwiftPackageProductDependency;
			package = 398C02802CF209E0006FDC6A /* XCRemoteSwiftPackageReference "Alamofire" */;
			productName = Alamofire;
		};
/* End XCSwiftPackageProductDependency section */
	};
	rootObject = 395C233B2CDFC46600A70D1F /* Project object */;
}
